
Microsoft Visual Studio Solution File, Format Version 12.00
# Visual Studio Version 16
VisualStudioVersion = 16.0.30225.117
MinimumVisualStudioVersion = 10.0.40219.1
Project("{2150E333-8FDC-42A3-9474-1A3956D46DE8}") = "lesson1", "lesson1", "{B5B971E4-FC10-4668-9C69-963B6B39D563}"
EndProject
Project("{2150E333-8FDC-42A3-9474-1A3956D46DE8}") = "lesson2", "lesson2", "{CF3D5026-75C4-4D90-ABCC-5F8885E2D097}"
EndProject
Project("{9A19103F-16F7-4668-BE54-9A1E7A4F7556}") = "Task1-1", "lesson1\Task1-1\Task1-1.csproj", "{E1B70FAF-B90C-4B7C-9707-91961CE16D4E}"
EndProject
Project("{9A19103F-16F7-4668-BE54-9A1E7A4F7556}") = "Task1-2", "lesson1\Task1-2\Task1-2.csproj", "{EBA9E371-2F92-4672-A89B-0225325FB199}"
EndProject
Project("{9A19103F-16F7-4668-BE54-9A1E7A4F7556}") = "Task1-3", "lesson1\Task1-3\Task1-3.csproj", "{70DE1951-410D-46F1-BAC8-57FB92E973F3}"
EndProject
Project("{9A19103F-16F7-4668-BE54-9A1E7A4F7556}") = "Task1-4", "lesson1\Task1-4\Task1-4.csproj", "{ECE9E06E-3F78-44AB-865C-678CF4AD5AFC}"
EndProject
Project("{9A19103F-16F7-4668-BE54-9A1E7A4F7556}") = "Task1-5", "lesson1\Task1-5\Task1-5.csproj", "{AC07E6FE-EF19-4893-B46B-FB0135CCB9EA}"
EndProject
Project("{9A19103F-16F7-4668-BE54-9A1E7A4F7556}") = "Task1-6", "lesson1\Task1-6\Task1-6.csproj", "{1FC47081-F3E6-497C-A829-B5C8E7B9A650}"
EndProject
Project("{9A19103F-16F7-4668-BE54-9A1E7A4F7556}") = "Task2-1", "lesson2\task2-1\Task2-1.csproj", "{4917ABE6-3247-4D07-868F-9CE37FA746F2}"
EndProject
Project("{FAE04EC0-301F-11D3-BF4B-00C04F79EFBC}") = "Task2-2", "lesson2\Task2-2\Task2-2.csproj", "{28F707BD-08D8-4780-871A-2289CADDB1F3}"
EndProject
Global
	GlobalSection(SolutionConfigurationPlatforms) = preSolution
		Debug|Any CPU = Debug|Any CPU
		Release|Any CPU = Release|Any CPU
	EndGlobalSection
	GlobalSection(ProjectConfigurationPlatforms) = postSolution
		{E1B70FAF-B90C-4B7C-9707-91961CE16D4E}.Debug|Any CPU.ActiveCfg = Debug|Any CPU
		{E1B70FAF-B90C-4B7C-9707-91961CE16D4E}.Debug|Any CPU.Build.0 = Debug|Any CPU
		{E1B70FAF-B90C-4B7C-9707-91961CE16D4E}.Release|Any CPU.ActiveCfg = Release|Any CPU
		{E1B70FAF-B90C-4B7C-9707-91961CE16D4E}.Release|Any CPU.Build.0 = Release|Any CPU
		{EBA9E371-2F92-4672-A89B-0225325FB199}.Debug|Any CPU.ActiveCfg = Debug|Any CPU
		{EBA9E371-2F92-4672-A89B-0225325FB199}.Debug|Any CPU.Build.0 = Debug|Any CPU
		{EBA9E371-2F92-4672-A89B-0225325FB199}.Release|Any CPU.ActiveCfg = Release|Any CPU
		{EBA9E371-2F92-4672-A89B-0225325FB199}.Release|Any CPU.Build.0 = Release|Any CPU
		{70DE1951-410D-46F1-BAC8-57FB92E973F3}.Debug|Any CPU.ActiveCfg = Debug|Any CPU
		{70DE1951-410D-46F1-BAC8-57FB92E973F3}.Debug|Any CPU.Build.0 = Debug|Any CPU
		{70DE1951-410D-46F1-BAC8-57FB92E973F3}.Release|Any CPU.ActiveCfg = Release|Any CPU
		{70DE1951-410D-46F1-BAC8-57FB92E973F3}.Release|Any CPU.Build.0 = Release|Any CPU
		{ECE9E06E-3F78-44AB-865C-678CF4AD5AFC}.Debug|Any CPU.ActiveCfg = Debug|Any CPU
		{ECE9E06E-3F78-44AB-865C-678CF4AD5AFC}.Debug|Any CPU.Build.0 = Debug|Any CPU
		{ECE9E06E-3F78-44AB-865C-678CF4AD5AFC}.Release|Any CPU.ActiveCfg = Release|Any CPU
		{ECE9E06E-3F78-44AB-865C-678CF4AD5AFC}.Release|Any CPU.Build.0 = Release|Any CPU
		{AC07E6FE-EF19-4893-B46B-FB0135CCB9EA}.Debug|Any CPU.ActiveCfg = Debug|Any CPU
		{AC07E6FE-EF19-4893-B46B-FB0135CCB9EA}.Debug|Any CPU.Build.0 = Debug|Any CPU
		{AC07E6FE-EF19-4893-B46B-FB0135CCB9EA}.Release|Any CPU.ActiveCfg = Release|Any CPU
		{AC07E6FE-EF19-4893-B46B-FB0135CCB9EA}.Release|Any CPU.Build.0 = Release|Any CPU
		{1FC47081-F3E6-497C-A829-B5C8E7B9A650}.Debug|Any CPU.ActiveCfg = Debug|Any CPU
		{1FC47081-F3E6-497C-A829-B5C8E7B9A650}.Debug|Any CPU.Build.0 = Debug|Any CPU
		{1FC47081-F3E6-497C-A829-B5C8E7B9A650}.Release|Any CPU.ActiveCfg = Release|Any CPU
		{1FC47081-F3E6-497C-A829-B5C8E7B9A650}.Release|Any CPU.Build.0 = Release|Any CPU
		{4917ABE6-3247-4D07-868F-9CE37FA746F2}.Debug|Any CPU.ActiveCfg = Debug|Any CPU
		{4917ABE6-3247-4D07-868F-9CE37FA746F2}.Debug|Any CPU.Build.0 = Debug|Any CPU
		{4917ABE6-3247-4D07-868F-9CE37FA746F2}.Release|Any CPU.ActiveCfg = Release|Any CPU
		{4917ABE6-3247-4D07-868F-9CE37FA746F2}.Release|Any CPU.Build.0 = Release|Any CPU
		{28F707BD-08D8-4780-871A-2289CADDB1F3}.Debug|Any CPU.ActiveCfg = Debug|Any CPU
		{28F707BD-08D8-4780-871A-2289CADDB1F3}.Debug|Any CPU.Build.0 = Debug|Any CPU
		{28F707BD-08D8-4780-871A-2289CADDB1F3}.Release|Any CPU.ActiveCfg = Release|Any CPU
		{28F707BD-08D8-4780-871A-2289CADDB1F3}.Release|Any CPU.Build.0 = Release|Any CPU
	EndGlobalSection
	GlobalSection(SolutionProperties) = preSolution
		HideSolutionNode = FALSE
	EndGlobalSection
	GlobalSection(NestedProjects) = preSolution
		{E1B70FAF-B90C-4B7C-9707-91961CE16D4E} = {B5B971E4-FC10-4668-9C69-963B6B39D563}
		{EBA9E371-2F92-4672-A89B-0225325FB199} = {B5B971E4-FC10-4668-9C69-963B6B39D563}
		{70DE1951-410D-46F1-BAC8-57FB92E973F3} = {B5B971E4-FC10-4668-9C69-963B6B39D563}
		{ECE9E06E-3F78-44AB-865C-678CF4AD5AFC} = {B5B971E4-FC10-4668-9C69-963B6B39D563}
		{AC07E6FE-EF19-4893-B46B-FB0135CCB9EA} = {B5B971E4-FC10-4668-9C69-963B6B39D563}
		{1FC47081-F3E6-497C-A829-B5C8E7B9A650} = {B5B971E4-FC10-4668-9C69-963B6B39D563}
		{4917ABE6-3247-4D07-868F-9CE37FA746F2} = {CF3D5026-75C4-4D90-ABCC-5F8885E2D097}
		{28F707BD-08D8-4780-871A-2289CADDB1F3} = {CF3D5026-75C4-4D90-ABCC-5F8885E2D097}
	EndGlobalSection
	GlobalSection(ExtensibilityGlobals) = postSolution
		SolutionGuid = {B9CC6D7E-9C88-4F7E-8778-91B6F49E9362}
	EndGlobalSection
EndGlobal
