
Microsoft Visual Studio Solution File, Format Version 12.00
# Visual Studio Version 16
VisualStudioVersion = 16.0.30225.117
MinimumVisualStudioVersion = 10.0.40219.1
Project("{2150E333-8FDC-42A3-9474-1A3956D46DE8}") = "lesson1", "lesson1", "{B5B971E4-FC10-4668-9C69-963B6B39D563}"
EndProject
Project("{2150E333-8FDC-42A3-9474-1A3956D46DE8}") = "lesson2", "lesson2", "{CF3D5026-75C4-4D90-ABCC-5F8885E2D097}"
EndProject
Project("{9A19103F-16F7-4668-BE54-9A1E7A4F7556}") = "Task1-1", "lesson1\Task1-1\Task1-1.csproj", "{E1B70FAF-B90C-4B7C-9707-91961CE16D4E}"
EndProject
Project("{9A19103F-16F7-4668-BE54-9A1E7A4F7556}") = "Task1-2", "lesson1\Task1-2\Task1-2.csproj", "{EBA9E371-2F92-4672-A89B-0225325FB199}"
EndProject
Project("{9A19103F-16F7-4668-BE54-9A1E7A4F7556}") = "Task1-3", "lesson1\Task1-3\Task1-3.csproj", "{70DE1951-410D-46F1-BAC8-57FB92E973F3}"
EndProject
Project("{9A19103F-16F7-4668-BE54-9A1E7A4F7556}") = "Task1-4", "lesson1\Task1-4\Task1-4.csproj", "{ECE9E06E-3F78-44AB-865C-678CF4AD5AFC}"
EndProject
Project("{9A19103F-16F7-4668-BE54-9A1E7A4F7556}") = "Task1-5", "lesson1\Task1-5\Task1-5.csproj", "{AC07E6FE-EF19-4893-B46B-FB0135CCB9EA}"
EndProject
Project("{9A19103F-16F7-4668-BE54-9A1E7A4F7556}") = "Task1-6", "lesson1\Task1-6\Task1-6.csproj", "{1FC47081-F3E6-497C-A829-B5C8E7B9A650}"
EndProject
Project("{9A19103F-16F7-4668-BE54-9A1E7A4F7556}") = "Task2-1", "lesson2\task2-1\Task2-1.csproj", "{4917ABE6-3247-4D07-868F-9CE37FA746F2}"
EndProject
Project("{9A19103F-16F7-4668-BE54-9A1E7A4F7556}") = "Task2-2", "lesson2\Task2-2\Task2-2.csproj", "{28F707BD-08D8-4780-871A-2289CADDB1F3}"
EndProject
Project("{9A19103F-16F7-4668-BE54-9A1E7A4F7556}") = "Task2-3", "lesson2\Task2-3\Task2-3.csproj", "{012427EA-8501-4A1D-A4F6-7FB44338C9F9}"
EndProject
Project("{9A19103F-16F7-4668-BE54-9A1E7A4F7556}") = "Task2-4", "lesson2\Task2-4\Task2-4.csproj", "{9B373A6F-5433-4207-8E2B-CE58B3C686BD}"
EndProject
Project("{9A19103F-16F7-4668-BE54-9A1E7A4F7556}") = "Task2-5", "lesson2\Task2-5\Task2-5.csproj", "{36CE371C-9642-4448-9E79-9D1F093C8B19}"
EndProject
Project("{9A19103F-16F7-4668-BE54-9A1E7A4F7556}") = "Task2-6", "lesson2\Task2-6\Task2-6.csproj", "{3C233B6E-63E2-45F5-8168-010329A0C72F}"
EndProject
Project("{9A19103F-16F7-4668-BE54-9A1E7A4F7556}") = "Task2-7", "lesson2\Task2-7\Task2-7.csproj", "{01D89203-DD83-4211-8EFF-156C97485D01}"
EndProject
Project("{2150E333-8FDC-42A3-9474-1A3956D46DE8}") = "lesson3", "lesson3", "{AC36F812-A3CF-4226-97F0-74DC65552127}"
EndProject
Project("{9A19103F-16F7-4668-BE54-9A1E7A4F7556}") = "Task3-1", "lesson3\Task3-1\Task3-1.csproj", "{C072CFBF-2003-4FE4-9966-08CF1DB3C727}"
EndProject
Project("{9A19103F-16F7-4668-BE54-9A1E7A4F7556}") = "Task3-2", "lesson3\Task3-2\Task3-2.csproj", "{AD476DDD-43AB-42D5-B195-68A0839D95BC}"
EndProject
Project("{9A19103F-16F7-4668-BE54-9A1E7A4F7556}") = "Task3-3", "lesson3\Task3-3\Task3-3.csproj", "{EEF8BD98-A9A4-4EB6-9B1A-5082E46A3677}"
EndProject
Project("{2150E333-8FDC-42A3-9474-1A3956D46DE8}") = "lesson4", "lesson4", "{C255D7F7-3788-4EE7-BFF4-38A1322976B5}"
EndProject
Project("{9A19103F-16F7-4668-BE54-9A1E7A4F7556}") = "Task4-1", "lesson4\Task4-1\Task4-1.csproj", "{55D1C6E5-AB10-42C4-91D4-E090F96C3B6B}"
EndProject
Project("{9A19103F-16F7-4668-BE54-9A1E7A4F7556}") = "Task4-2", "lesson4\Task4-2\Task4-2.csproj", "{999883D2-7845-46AE-958B-252160682D3F}"
EndProject
Project("{9A19103F-16F7-4668-BE54-9A1E7A4F7556}") = "Task4-3", "lesson4\Task4-3\Task4-3.csproj", "{05CDCBB9-AC6C-4FEB-80B1-E3760CAA6A02}"
EndProject
Project("{9A19103F-16F7-4668-BE54-9A1E7A4F7556}") = "Task4-4", "lesson4\Task4-4\Task4-4.csproj", "{B0F1D3E3-0E13-4729-A46C-363E2ED679B5}"
EndProject
Project("{9A19103F-16F7-4668-BE54-9A1E7A4F7556}") = "Task4-5", "lesson4\Task4-5\Task4-5.csproj", "{816E7C8A-73FE-489E-B4B3-572743A151C5}"
EndProject
Project("{FAE04EC0-301F-11D3-BF4B-00C04F79EFBC}") = "Task4-6", "lesson4\Task4-6\Task4-6.csproj", "{5CB8509E-F020-48F0-8227-9A9DB7D82254}"
EndProject
Global
	GlobalSection(SolutionConfigurationPlatforms) = preSolution
		Debug|Any CPU = Debug|Any CPU
		Release|Any CPU = Release|Any CPU
	EndGlobalSection
	GlobalSection(ProjectConfigurationPlatforms) = postSolution
		{E1B70FAF-B90C-4B7C-9707-91961CE16D4E}.Debug|Any CPU.ActiveCfg = Debug|Any CPU
		{E1B70FAF-B90C-4B7C-9707-91961CE16D4E}.Debug|Any CPU.Build.0 = Debug|Any CPU
		{E1B70FAF-B90C-4B7C-9707-91961CE16D4E}.Release|Any CPU.ActiveCfg = Release|Any CPU
		{E1B70FAF-B90C-4B7C-9707-91961CE16D4E}.Release|Any CPU.Build.0 = Release|Any CPU
		{EBA9E371-2F92-4672-A89B-0225325FB199}.Debug|Any CPU.ActiveCfg = Debug|Any CPU
		{EBA9E371-2F92-4672-A89B-0225325FB199}.Debug|Any CPU.Build.0 = Debug|Any CPU
		{EBA9E371-2F92-4672-A89B-0225325FB199}.Release|Any CPU.ActiveCfg = Release|Any CPU
		{EBA9E371-2F92-4672-A89B-0225325FB199}.Release|Any CPU.Build.0 = Release|Any CPU
		{70DE1951-410D-46F1-BAC8-57FB92E973F3}.Debug|Any CPU.ActiveCfg = Debug|Any CPU
		{70DE1951-410D-46F1-BAC8-57FB92E973F3}.Debug|Any CPU.Build.0 = Debug|Any CPU
		{70DE1951-410D-46F1-BAC8-57FB92E973F3}.Release|Any CPU.ActiveCfg = Release|Any CPU
		{70DE1951-410D-46F1-BAC8-57FB92E973F3}.Release|Any CPU.Build.0 = Release|Any CPU
		{ECE9E06E-3F78-44AB-865C-678CF4AD5AFC}.Debug|Any CPU.ActiveCfg = Debug|Any CPU
		{ECE9E06E-3F78-44AB-865C-678CF4AD5AFC}.Debug|Any CPU.Build.0 = Debug|Any CPU
		{ECE9E06E-3F78-44AB-865C-678CF4AD5AFC}.Release|Any CPU.ActiveCfg = Release|Any CPU
		{ECE9E06E-3F78-44AB-865C-678CF4AD5AFC}.Release|Any CPU.Build.0 = Release|Any CPU
		{AC07E6FE-EF19-4893-B46B-FB0135CCB9EA}.Debug|Any CPU.ActiveCfg = Debug|Any CPU
		{AC07E6FE-EF19-4893-B46B-FB0135CCB9EA}.Debug|Any CPU.Build.0 = Debug|Any CPU
		{AC07E6FE-EF19-4893-B46B-FB0135CCB9EA}.Release|Any CPU.ActiveCfg = Release|Any CPU
		{AC07E6FE-EF19-4893-B46B-FB0135CCB9EA}.Release|Any CPU.Build.0 = Release|Any CPU
		{1FC47081-F3E6-497C-A829-B5C8E7B9A650}.Debug|Any CPU.ActiveCfg = Debug|Any CPU
		{1FC47081-F3E6-497C-A829-B5C8E7B9A650}.Debug|Any CPU.Build.0 = Debug|Any CPU
		{1FC47081-F3E6-497C-A829-B5C8E7B9A650}.Release|Any CPU.ActiveCfg = Release|Any CPU
		{1FC47081-F3E6-497C-A829-B5C8E7B9A650}.Release|Any CPU.Build.0 = Release|Any CPU
		{4917ABE6-3247-4D07-868F-9CE37FA746F2}.Debug|Any CPU.ActiveCfg = Debug|Any CPU
		{4917ABE6-3247-4D07-868F-9CE37FA746F2}.Debug|Any CPU.Build.0 = Debug|Any CPU
		{4917ABE6-3247-4D07-868F-9CE37FA746F2}.Release|Any CPU.ActiveCfg = Release|Any CPU
		{4917ABE6-3247-4D07-868F-9CE37FA746F2}.Release|Any CPU.Build.0 = Release|Any CPU
		{28F707BD-08D8-4780-871A-2289CADDB1F3}.Debug|Any CPU.ActiveCfg = Debug|Any CPU
		{28F707BD-08D8-4780-871A-2289CADDB1F3}.Debug|Any CPU.Build.0 = Debug|Any CPU
		{28F707BD-08D8-4780-871A-2289CADDB1F3}.Release|Any CPU.ActiveCfg = Release|Any CPU
		{28F707BD-08D8-4780-871A-2289CADDB1F3}.Release|Any CPU.Build.0 = Release|Any CPU
		{012427EA-8501-4A1D-A4F6-7FB44338C9F9}.Debug|Any CPU.ActiveCfg = Debug|Any CPU
		{012427EA-8501-4A1D-A4F6-7FB44338C9F9}.Debug|Any CPU.Build.0 = Debug|Any CPU
		{012427EA-8501-4A1D-A4F6-7FB44338C9F9}.Release|Any CPU.ActiveCfg = Release|Any CPU
		{012427EA-8501-4A1D-A4F6-7FB44338C9F9}.Release|Any CPU.Build.0 = Release|Any CPU
		{9B373A6F-5433-4207-8E2B-CE58B3C686BD}.Debug|Any CPU.ActiveCfg = Debug|Any CPU
		{9B373A6F-5433-4207-8E2B-CE58B3C686BD}.Debug|Any CPU.Build.0 = Debug|Any CPU
		{9B373A6F-5433-4207-8E2B-CE58B3C686BD}.Release|Any CPU.ActiveCfg = Release|Any CPU
		{9B373A6F-5433-4207-8E2B-CE58B3C686BD}.Release|Any CPU.Build.0 = Release|Any CPU
		{36CE371C-9642-4448-9E79-9D1F093C8B19}.Debug|Any CPU.ActiveCfg = Debug|Any CPU
		{36CE371C-9642-4448-9E79-9D1F093C8B19}.Debug|Any CPU.Build.0 = Debug|Any CPU
		{36CE371C-9642-4448-9E79-9D1F093C8B19}.Release|Any CPU.ActiveCfg = Release|Any CPU
		{36CE371C-9642-4448-9E79-9D1F093C8B19}.Release|Any CPU.Build.0 = Release|Any CPU
		{3C233B6E-63E2-45F5-8168-010329A0C72F}.Debug|Any CPU.ActiveCfg = Debug|Any CPU
		{3C233B6E-63E2-45F5-8168-010329A0C72F}.Debug|Any CPU.Build.0 = Debug|Any CPU
		{3C233B6E-63E2-45F5-8168-010329A0C72F}.Release|Any CPU.ActiveCfg = Release|Any CPU
		{3C233B6E-63E2-45F5-8168-010329A0C72F}.Release|Any CPU.Build.0 = Release|Any CPU
		{01D89203-DD83-4211-8EFF-156C97485D01}.Debug|Any CPU.ActiveCfg = Debug|Any CPU
		{01D89203-DD83-4211-8EFF-156C97485D01}.Debug|Any CPU.Build.0 = Debug|Any CPU
		{01D89203-DD83-4211-8EFF-156C97485D01}.Release|Any CPU.ActiveCfg = Release|Any CPU
		{01D89203-DD83-4211-8EFF-156C97485D01}.Release|Any CPU.Build.0 = Release|Any CPU
		{C072CFBF-2003-4FE4-9966-08CF1DB3C727}.Debug|Any CPU.ActiveCfg = Debug|Any CPU
		{C072CFBF-2003-4FE4-9966-08CF1DB3C727}.Debug|Any CPU.Build.0 = Debug|Any CPU
		{C072CFBF-2003-4FE4-9966-08CF1DB3C727}.Release|Any CPU.ActiveCfg = Release|Any CPU
		{C072CFBF-2003-4FE4-9966-08CF1DB3C727}.Release|Any CPU.Build.0 = Release|Any CPU
		{AD476DDD-43AB-42D5-B195-68A0839D95BC}.Debug|Any CPU.ActiveCfg = Debug|Any CPU
		{AD476DDD-43AB-42D5-B195-68A0839D95BC}.Debug|Any CPU.Build.0 = Debug|Any CPU
		{AD476DDD-43AB-42D5-B195-68A0839D95BC}.Release|Any CPU.ActiveCfg = Release|Any CPU
		{AD476DDD-43AB-42D5-B195-68A0839D95BC}.Release|Any CPU.Build.0 = Release|Any CPU
		{EEF8BD98-A9A4-4EB6-9B1A-5082E46A3677}.Debug|Any CPU.ActiveCfg = Debug|Any CPU
		{EEF8BD98-A9A4-4EB6-9B1A-5082E46A3677}.Debug|Any CPU.Build.0 = Debug|Any CPU
		{EEF8BD98-A9A4-4EB6-9B1A-5082E46A3677}.Release|Any CPU.ActiveCfg = Release|Any CPU
		{EEF8BD98-A9A4-4EB6-9B1A-5082E46A3677}.Release|Any CPU.Build.0 = Release|Any CPU
		{55D1C6E5-AB10-42C4-91D4-E090F96C3B6B}.Debug|Any CPU.ActiveCfg = Debug|Any CPU
		{55D1C6E5-AB10-42C4-91D4-E090F96C3B6B}.Debug|Any CPU.Build.0 = Debug|Any CPU
		{55D1C6E5-AB10-42C4-91D4-E090F96C3B6B}.Release|Any CPU.ActiveCfg = Release|Any CPU
		{55D1C6E5-AB10-42C4-91D4-E090F96C3B6B}.Release|Any CPU.Build.0 = Release|Any CPU
		{999883D2-7845-46AE-958B-252160682D3F}.Debug|Any CPU.ActiveCfg = Debug|Any CPU
		{999883D2-7845-46AE-958B-252160682D3F}.Debug|Any CPU.Build.0 = Debug|Any CPU
		{999883D2-7845-46AE-958B-252160682D3F}.Release|Any CPU.ActiveCfg = Release|Any CPU
		{999883D2-7845-46AE-958B-252160682D3F}.Release|Any CPU.Build.0 = Release|Any CPU
		{05CDCBB9-AC6C-4FEB-80B1-E3760CAA6A02}.Debug|Any CPU.ActiveCfg = Debug|Any CPU
		{05CDCBB9-AC6C-4FEB-80B1-E3760CAA6A02}.Debug|Any CPU.Build.0 = Debug|Any CPU
		{05CDCBB9-AC6C-4FEB-80B1-E3760CAA6A02}.Release|Any CPU.ActiveCfg = Release|Any CPU
		{05CDCBB9-AC6C-4FEB-80B1-E3760CAA6A02}.Release|Any CPU.Build.0 = Release|Any CPU
		{B0F1D3E3-0E13-4729-A46C-363E2ED679B5}.Debug|Any CPU.ActiveCfg = Debug|Any CPU
		{B0F1D3E3-0E13-4729-A46C-363E2ED679B5}.Debug|Any CPU.Build.0 = Debug|Any CPU
		{B0F1D3E3-0E13-4729-A46C-363E2ED679B5}.Release|Any CPU.ActiveCfg = Release|Any CPU
		{B0F1D3E3-0E13-4729-A46C-363E2ED679B5}.Release|Any CPU.Build.0 = Release|Any CPU
		{816E7C8A-73FE-489E-B4B3-572743A151C5}.Debug|Any CPU.ActiveCfg = Debug|Any CPU
		{816E7C8A-73FE-489E-B4B3-572743A151C5}.Debug|Any CPU.Build.0 = Debug|Any CPU
		{816E7C8A-73FE-489E-B4B3-572743A151C5}.Release|Any CPU.ActiveCfg = Release|Any CPU
		{816E7C8A-73FE-489E-B4B3-572743A151C5}.Release|Any CPU.Build.0 = Release|Any CPU
		{5CB8509E-F020-48F0-8227-9A9DB7D82254}.Debug|Any CPU.ActiveCfg = Debug|Any CPU
		{5CB8509E-F020-48F0-8227-9A9DB7D82254}.Debug|Any CPU.Build.0 = Debug|Any CPU
		{5CB8509E-F020-48F0-8227-9A9DB7D82254}.Release|Any CPU.ActiveCfg = Release|Any CPU
		{5CB8509E-F020-48F0-8227-9A9DB7D82254}.Release|Any CPU.Build.0 = Release|Any CPU
	EndGlobalSection
	GlobalSection(SolutionProperties) = preSolution
		HideSolutionNode = FALSE
	EndGlobalSection
	GlobalSection(NestedProjects) = preSolution
		{E1B70FAF-B90C-4B7C-9707-91961CE16D4E} = {B5B971E4-FC10-4668-9C69-963B6B39D563}
		{EBA9E371-2F92-4672-A89B-0225325FB199} = {B5B971E4-FC10-4668-9C69-963B6B39D563}
		{70DE1951-410D-46F1-BAC8-57FB92E973F3} = {B5B971E4-FC10-4668-9C69-963B6B39D563}
		{ECE9E06E-3F78-44AB-865C-678CF4AD5AFC} = {B5B971E4-FC10-4668-9C69-963B6B39D563}
		{AC07E6FE-EF19-4893-B46B-FB0135CCB9EA} = {B5B971E4-FC10-4668-9C69-963B6B39D563}
		{1FC47081-F3E6-497C-A829-B5C8E7B9A650} = {B5B971E4-FC10-4668-9C69-963B6B39D563}
		{4917ABE6-3247-4D07-868F-9CE37FA746F2} = {CF3D5026-75C4-4D90-ABCC-5F8885E2D097}
		{28F707BD-08D8-4780-871A-2289CADDB1F3} = {CF3D5026-75C4-4D90-ABCC-5F8885E2D097}
		{012427EA-8501-4A1D-A4F6-7FB44338C9F9} = {CF3D5026-75C4-4D90-ABCC-5F8885E2D097}
		{9B373A6F-5433-4207-8E2B-CE58B3C686BD} = {CF3D5026-75C4-4D90-ABCC-5F8885E2D097}
		{36CE371C-9642-4448-9E79-9D1F093C8B19} = {CF3D5026-75C4-4D90-ABCC-5F8885E2D097}
		{3C233B6E-63E2-45F5-8168-010329A0C72F} = {CF3D5026-75C4-4D90-ABCC-5F8885E2D097}
		{01D89203-DD83-4211-8EFF-156C97485D01} = {CF3D5026-75C4-4D90-ABCC-5F8885E2D097}
		{C072CFBF-2003-4FE4-9966-08CF1DB3C727} = {AC36F812-A3CF-4226-97F0-74DC65552127}
		{AD476DDD-43AB-42D5-B195-68A0839D95BC} = {AC36F812-A3CF-4226-97F0-74DC65552127}
		{EEF8BD98-A9A4-4EB6-9B1A-5082E46A3677} = {AC36F812-A3CF-4226-97F0-74DC65552127}
		{55D1C6E5-AB10-42C4-91D4-E090F96C3B6B} = {C255D7F7-3788-4EE7-BFF4-38A1322976B5}
		{999883D2-7845-46AE-958B-252160682D3F} = {C255D7F7-3788-4EE7-BFF4-38A1322976B5}
		{05CDCBB9-AC6C-4FEB-80B1-E3760CAA6A02} = {C255D7F7-3788-4EE7-BFF4-38A1322976B5}
		{B0F1D3E3-0E13-4729-A46C-363E2ED679B5} = {C255D7F7-3788-4EE7-BFF4-38A1322976B5}
		{816E7C8A-73FE-489E-B4B3-572743A151C5} = {C255D7F7-3788-4EE7-BFF4-38A1322976B5}
		{5CB8509E-F020-48F0-8227-9A9DB7D82254} = {C255D7F7-3788-4EE7-BFF4-38A1322976B5}
	EndGlobalSection
	GlobalSection(ExtensibilityGlobals) = postSolution
		SolutionGuid = {B9CC6D7E-9C88-4F7E-8778-91B6F49E9362}
	EndGlobalSection
EndGlobal
